
Microsoft Visual Studio Solution File, Format Version 12.00
# Visual Studio 15
VisualStudioVersion = 15.0.27703.2000
MinimumVisualStudioVersion = 10.0.40219.1
Project("{9A19103F-16F7-4668-BE54-9A1E7A4F7556}") = "EvenNumbersThread", "EvenNumbersThread\EvenNumbersThread.csproj", "{D24E842B-618A-4325-B5D1-161AF54735A5}"
EndProject
Project("{9A19103F-16F7-4668-BE54-9A1E7A4F7556}") = "ParallelImageFlip", "ParallelImageFlip\ParallelImageFlip.csproj", "{2518ACD0-F0FF-4A78-943E-F0B42FCD40A9}"
EndProject
Project("{9A19103F-16F7-4668-BE54-9A1E7A4F7556}") = "SliceFile", "SliceFile\SliceFile.csproj", "{399D6642-C8B6-4490-80CE-91647EC609D7}"
EndProject
Project("{FAE04EC0-301F-11D3-BF4B-00C04F79EFBC}") = "AsyncAwait", "AsyncAwait\AsyncAwait.csproj", "{F489DB37-09AB-4BD7-84B7-0461711CBE28}"
EndProject
Project("{FAE04EC0-301F-11D3-BF4B-00C04F79EFBC}") = "SimpleWebServer", "SimpleWebServer\SimpleWebServer.csproj", "{D8610E89-799A-484D-90FC-3096E6DC8351}"
EndProject
Global
	GlobalSection(SolutionConfigurationPlatforms) = preSolution
		Debug|Any CPU = Debug|Any CPU
		Release|Any CPU = Release|Any CPU
	EndGlobalSection
	GlobalSection(ProjectConfigurationPlatforms) = postSolution
		{D24E842B-618A-4325-B5D1-161AF54735A5}.Debug|Any CPU.ActiveCfg = Debug|Any CPU
		{D24E842B-618A-4325-B5D1-161AF54735A5}.Debug|Any CPU.Build.0 = Debug|Any CPU
		{D24E842B-618A-4325-B5D1-161AF54735A5}.Release|Any CPU.ActiveCfg = Release|Any CPU
		{D24E842B-618A-4325-B5D1-161AF54735A5}.Release|Any CPU.Build.0 = Release|Any CPU
		{2518ACD0-F0FF-4A78-943E-F0B42FCD40A9}.Debug|Any CPU.ActiveCfg = Debug|Any CPU
		{2518ACD0-F0FF-4A78-943E-F0B42FCD40A9}.Debug|Any CPU.Build.0 = Debug|Any CPU
		{2518ACD0-F0FF-4A78-943E-F0B42FCD40A9}.Release|Any CPU.ActiveCfg = Release|Any CPU
		{2518ACD0-F0FF-4A78-943E-F0B42FCD40A9}.Release|Any CPU.Build.0 = Release|Any CPU
		{399D6642-C8B6-4490-80CE-91647EC609D7}.Debug|Any CPU.ActiveCfg = Debug|Any CPU
		{399D6642-C8B6-4490-80CE-91647EC609D7}.Debug|Any CPU.Build.0 = Debug|Any CPU
		{399D6642-C8B6-4490-80CE-91647EC609D7}.Release|Any CPU.ActiveCfg = Release|Any CPU
		{399D6642-C8B6-4490-80CE-91647EC609D7}.Release|Any CPU.Build.0 = Release|Any CPU
		{F489DB37-09AB-4BD7-84B7-0461711CBE28}.Debug|Any CPU.ActiveCfg = Debug|Any CPU
		{F489DB37-09AB-4BD7-84B7-0461711CBE28}.Debug|Any CPU.Build.0 = Debug|Any CPU
		{F489DB37-09AB-4BD7-84B7-0461711CBE28}.Release|Any CPU.ActiveCfg = Release|Any CPU
		{F489DB37-09AB-4BD7-84B7-0461711CBE28}.Release|Any CPU.Build.0 = Release|Any CPU
		{D8610E89-799A-484D-90FC-3096E6DC8351}.Debug|Any CPU.ActiveCfg = Debug|Any CPU
		{D8610E89-799A-484D-90FC-3096E6DC8351}.Debug|Any CPU.Build.0 = Debug|Any CPU
		{D8610E89-799A-484D-90FC-3096E6DC8351}.Release|Any CPU.ActiveCfg = Release|Any CPU
		{D8610E89-799A-484D-90FC-3096E6DC8351}.Release|Any CPU.Build.0 = Release|Any CPU
	EndGlobalSection
	GlobalSection(SolutionProperties) = preSolution
		HideSolutionNode = FALSE
	EndGlobalSection
	GlobalSection(ExtensibilityGlobals) = postSolution
		SolutionGuid = {0D45F07D-9CCE-478E-B3F6-00A8B06E79B1}
	EndGlobalSection
EndGlobal
