
Microsoft Visual Studio Solution File, Format Version 12.00
# Visual Studio 15
VisualStudioVersion = 15.0.28010.2041
MinimumVisualStudioVersion = 10.0.40219.1
Project("{FAE04EC0-301F-11D3-BF4B-00C04F79EFBC}") = "SoftUniWEBServer", "SoftUniWEBServer\SoftUniWEBServer.csproj", "{C0935F82-05B3-4608-A949-E6032C724946}"
EndProject
Global
	GlobalSection(SolutionConfigurationPlatforms) = preSolution
		Debug|Any CPU = Debug|Any CPU
		Release|Any CPU = Release|Any CPU
	EndGlobalSection
	GlobalSection(ProjectConfigurationPlatforms) = postSolution
		{C0935F82-05B3-4608-A949-E6032C724946}.Debug|Any CPU.ActiveCfg = Debug|Any CPU
		{C0935F82-05B3-4608-A949-E6032C724946}.Debug|Any CPU.Build.0 = Debug|Any CPU
		{C0935F82-05B3-4608-A949-E6032C724946}.Release|Any CPU.ActiveCfg = Release|Any CPU
		{C0935F82-05B3-4608-A949-E6032C724946}.Release|Any CPU.Build.0 = Release|Any CPU
	EndGlobalSection
	GlobalSection(SolutionProperties) = preSolution
		HideSolutionNode = FALSE
	EndGlobalSection
	GlobalSection(ExtensibilityGlobals) = postSolution
		SolutionGuid = {E18AC84C-B4F5-4196-AB4E-6E2F36B67FCF}
	EndGlobalSection
EndGlobal
